
Microsoft Visual Studio Solution File, Format Version 12.00
# Visual Studio Version 17
VisualStudioVersion = 17.0.31903.59
MinimumVisualStudioVersion = 10.0.40219.1
Project("{2150E333-8FDC-42A3-9474-1A3956D46DE8}") = "src", "src", "{827E0CD3-B72D-47B6-A68D-7590B98EB39B}"
EndProject
Project("{2150E333-8FDC-42A3-9474-1A3956D46DE8}") = "Services", "Services", "{984BB9B3-3FA3-BE33-9484-CAC21695A33C}"
EndProject
Project("{2150E333-8FDC-42A3-9474-1A3956D46DE8}") = "Notification", "Notification", "{C5FBE174-8E0F-F5A3-B929-8BD0C55C0A32}"
EndProject
Project("{FAE04EC0-301F-11D3-BF4B-00C04F79EFBC}") = "Notification.Application", "src\Services\Notification\Notification.Application\Notification.Application.csproj", "{EA410A37-24F5-4038-9F0E-D20E349F592A}"
EndProject
Project("{FAE04EC0-301F-11D3-BF4B-00C04F79EFBC}") = "Notification.Infrastructure", "src\Services\Notification\Notification.Infrastructure\Notification.Infrastructure.csproj", "{BB8C98E9-4C0F-4D46-954E-52B0D4A917F2}"
EndProject
Project("{FAE04EC0-301F-11D3-BF4B-00C04F79EFBC}") = "Notification.Worker", "src\Services\Notification\Notification.Worker\Notification.Worker.csproj", "{996D36CD-DC3E-41E1-BFB5-74911E54F5A0}"
EndProject
Project("{FAE04EC0-301F-11D3-BF4B-00C04F79EFBC}") = "Shipment.Api", "src\Services\Shipment\Shipment.Api\Shipment.Api.csproj", "{15ED4D4A-340A-4C50-A2C6-EA0597E353D1}"
EndProject
Project("{FAE04EC0-301F-11D3-BF4B-00C04F79EFBC}") = "Shipment.Application", "src\Services\Shipment\Shipment.Application\Shipment.Application.csproj", "{CA091971-22D3-4C2B-8961-D45F44C80358}"
EndProject
Project("{FAE04EC0-301F-11D3-BF4B-00C04F79EFBC}") = "Shipment.Domain", "src\Services\Shipment\Shipment.Domain\Shipment.Domain.csproj", "{9518DC5C-1F67-42B2-B150-E37D33D141C9}"
EndProject
Project("{FAE04EC0-301F-11D3-BF4B-00C04F79EFBC}") = "Shipment.Infrastructure", "src\Services\Shipment\Shipment.Infrastructure\Shipment.Infrastructure.csproj", "{33DBAD4C-F83F-4308-B568-4BA1397E0F78}"
EndProject
Project("{FAE04EC0-301F-11D3-BF4B-00C04F79EFBC}") = "Tracking.Api", "src\Services\Tracking\Tracking.Api\Tracking.Api.csproj", "{92047D99-53D9-4F18-A7A4-6F0AA8331771}"
EndProject
Project("{FAE04EC0-301F-11D3-BF4B-00C04F79EFBC}") = "Tracking.Application", "src\Services\Tracking\Tracking.Application\Tracking.Application.csproj", "{0C53F6DC-302F-4230-97A7-2F94B92E3BDD}"
EndProject
Project("{FAE04EC0-301F-11D3-BF4B-00C04F79EFBC}") = "Tracking.Domain", "src\Services\Tracking\Tracking.Domain\Tracking.Domain.csproj", "{74579DF9-4594-4F3B-87B2-EA5F7E666472}"
EndProject
Project("{FAE04EC0-301F-11D3-BF4B-00C04F79EFBC}") = "Tracking.Infrastructure", "src\Services\Tracking\Tracking.Infrastructure\Tracking.Infrastructure.csproj", "{52062B65-6884-414A-BA63-A8858D52872E}"
EndProject
Project("{FAE04EC0-301F-11D3-BF4B-00C04F79EFBC}") = "BuildingBlocks.Application", "src\Shared\BuildingBlocks.Application\BuildingBlocks.Application.csproj", "{7BD5B6FC-9331-454D-A7AA-0B5C90125802}"
EndProject
Project("{FAE04EC0-301F-11D3-BF4B-00C04F79EFBC}") = "BuildingBlocks.Domain", "src\Shared\BuildingBlocks.Domain\BuildingBlocks.Domain.csproj", "{5399CD32-835D-42FA-8666-B6DEF41F7B3C}"
EndProject
Project("{FAE04EC0-301F-11D3-BF4B-00C04F79EFBC}") = "BuildingBlocks.Infrastructure", "src\Shared\BuildingBlocks.Infrastructure\BuildingBlocks.Infrastructure.csproj", "{698C4103-30D9-4690-8641-C4933E254541}"
EndProject
Project("{FAE04EC0-301F-11D3-BF4B-00C04F79EFBC}") = "Shared.Contracts", "src\Shared\Shared.Contracts\Shared.Contracts.csproj", "{86C9F433-00D6-49DA-825D-2F693EBB642E}"
EndProject
Project("{FAE04EC0-301F-11D3-BF4B-00C04F79EFBC}") = "Shipment.Domain.Tests", "tests\Shipment.Domain.Tests\Shipment.Domain.Tests.csproj", "{A150579F-9311-46FF-9479-2D0A8CD7B525}"
EndProject
Global
	GlobalSection(SolutionConfigurationPlatforms) = preSolution
		Debug|Any CPU = Debug|Any CPU
		Debug|x64 = Debug|x64
		Debug|x86 = Debug|x86
		Release|Any CPU = Release|Any CPU
		Release|x64 = Release|x64
		Release|x86 = Release|x86
	EndGlobalSection
	GlobalSection(ProjectConfigurationPlatforms) = postSolution
		{EA410A37-24F5-4038-9F0E-D20E349F592A}.Debug|Any CPU.ActiveCfg = Debug|Any CPU
		{EA410A37-24F5-4038-9F0E-D20E349F592A}.Debug|Any CPU.Build.0 = Debug|Any CPU
		{EA410A37-24F5-4038-9F0E-D20E349F592A}.Debug|x64.ActiveCfg = Debug|Any CPU
		{EA410A37-24F5-4038-9F0E-D20E349F592A}.Debug|x64.Build.0 = Debug|Any CPU
		{EA410A37-24F5-4038-9F0E-D20E349F592A}.Debug|x86.ActiveCfg = Debug|Any CPU
		{EA410A37-24F5-4038-9F0E-D20E349F592A}.Debug|x86.Build.0 = Debug|Any CPU
		{EA410A37-24F5-4038-9F0E-D20E349F592A}.Release|Any CPU.ActiveCfg = Release|Any CPU
		{EA410A37-24F5-4038-9F0E-D20E349F592A}.Release|Any CPU.Build.0 = Release|Any CPU
		{EA410A37-24F5-4038-9F0E-D20E349F592A}.Release|x64.ActiveCfg = Release|Any CPU
		{EA410A37-24F5-4038-9F0E-D20E349F592A}.Release|x64.Build.0 = Release|Any CPU
		{EA410A37-24F5-4038-9F0E-D20E349F592A}.Release|x86.ActiveCfg = Release|Any CPU
		{EA410A37-24F5-4038-9F0E-D20E349F592A}.Release|x86.Build.0 = Release|Any CPU
		{BB8C98E9-4C0F-4D46-954E-52B0D4A917F2}.Debug|Any CPU.ActiveCfg = Debug|Any CPU
		{BB8C98E9-4C0F-4D46-954E-52B0D4A917F2}.Debug|Any CPU.Build.0 = Debug|Any CPU
		{BB8C98E9-4C0F-4D46-954E-52B0D4A917F2}.Debug|x64.ActiveCfg = Debug|Any CPU
		{BB8C98E9-4C0F-4D46-954E-52B0D4A917F2}.Debug|x64.Build.0 = Debug|Any CPU
		{BB8C98E9-4C0F-4D46-954E-52B0D4A917F2}.Debug|x86.ActiveCfg = Debug|Any CPU
		{BB8C98E9-4C0F-4D46-954E-52B0D4A917F2}.Debug|x86.Build.0 = Debug|Any CPU
		{BB8C98E9-4C0F-4D46-954E-52B0D4A917F2}.Release|Any CPU.ActiveCfg = Release|Any CPU
		{BB8C98E9-4C0F-4D46-954E-52B0D4A917F2}.Release|Any CPU.Build.0 = Release|Any CPU
		{BB8C98E9-4C0F-4D46-954E-52B0D4A917F2}.Release|x64.ActiveCfg = Release|Any CPU
		{BB8C98E9-4C0F-4D46-954E-52B0D4A917F2}.Release|x64.Build.0 = Release|Any CPU
		{BB8C98E9-4C0F-4D46-954E-52B0D4A917F2}.Release|x86.ActiveCfg = Release|Any CPU
		{BB8C98E9-4C0F-4D46-954E-52B0D4A917F2}.Release|x86.Build.0 = Release|Any CPU
		{996D36CD-DC3E-41E1-BFB5-74911E54F5A0}.Debug|Any CPU.ActiveCfg = Debug|Any CPU
		{996D36CD-DC3E-41E1-BFB5-74911E54F5A0}.Debug|Any CPU.Build.0 = Debug|Any CPU
		{996D36CD-DC3E-41E1-BFB5-74911E54F5A0}.Debug|x64.ActiveCfg = Debug|Any CPU
		{996D36CD-DC3E-41E1-BFB5-74911E54F5A0}.Debug|x64.Build.0 = Debug|Any CPU
		{996D36CD-DC3E-41E1-BFB5-74911E54F5A0}.Debug|x86.ActiveCfg = Debug|Any CPU
		{996D36CD-DC3E-41E1-BFB5-74911E54F5A0}.Debug|x86.Build.0 = Debug|Any CPU
		{996D36CD-DC3E-41E1-BFB5-74911E54F5A0}.Release|Any CPU.ActiveCfg = Release|Any CPU
		{996D36CD-DC3E-41E1-BFB5-74911E54F5A0}.Release|Any CPU.Build.0 = Release|Any CPU
		{996D36CD-DC3E-41E1-BFB5-74911E54F5A0}.Release|x64.ActiveCfg = Release|Any CPU
		{996D36CD-DC3E-41E1-BFB5-74911E54F5A0}.Release|x64.Build.0 = Release|Any CPU
		{996D36CD-DC3E-41E1-BFB5-74911E54F5A0}.Release|x86.ActiveCfg = Release|Any CPU
		{996D36CD-DC3E-41E1-BFB5-74911E54F5A0}.Release|x86.Build.0 = Release|Any CPU
		{15ED4D4A-340A-4C50-A2C6-EA0597E353D1}.Debug|Any CPU.ActiveCfg = Debug|Any CPU
		{15ED4D4A-340A-4C50-A2C6-EA0597E353D1}.Debug|Any CPU.Build.0 = Debug|Any CPU
		{15ED4D4A-340A-4C50-A2C6-EA0597E353D1}.Debug|x64.ActiveCfg = Debug|Any CPU
		{15ED4D4A-340A-4C50-A2C6-EA0597E353D1}.Debug|x64.Build.0 = Debug|Any CPU
		{15ED4D4A-340A-4C50-A2C6-EA0597E353D1}.Debug|x86.ActiveCfg = Debug|Any CPU
		{15ED4D4A-340A-4C50-A2C6-EA0597E353D1}.Debug|x86.Build.0 = Debug|Any CPU
		{15ED4D4A-340A-4C50-A2C6-EA0597E353D1}.Release|Any CPU.ActiveCfg = Release|Any CPU
		{15ED4D4A-340A-4C50-A2C6-EA0597E353D1}.Release|Any CPU.Build.0 = Release|Any CPU
		{15ED4D4A-340A-4C50-A2C6-EA0597E353D1}.Release|x64.ActiveCfg = Release|Any CPU
		{15ED4D4A-340A-4C50-A2C6-EA0597E353D1}.Release|x64.Build.0 = Release|Any CPU
		{15ED4D4A-340A-4C50-A2C6-EA0597E353D1}.Release|x86.ActiveCfg = Release|Any CPU
		{15ED4D4A-340A-4C50-A2C6-EA0597E353D1}.Release|x86.Build.0 = Release|Any CPU
		{CA091971-22D3-4C2B-8961-D45F44C80358}.Debug|Any CPU.ActiveCfg = Debug|Any CPU
		{CA091971-22D3-4C2B-8961-D45F44C80358}.Debug|Any CPU.Build.0 = Debug|Any CPU
		{CA091971-22D3-4C2B-8961-D45F44C80358}.Debug|x64.ActiveCfg = Debug|Any CPU
		{CA091971-22D3-4C2B-8961-D45F44C80358}.Debug|x64.Build.0 = Debug|Any CPU
		{CA091971-22D3-4C2B-8961-D45F44C80358}.Debug|x86.ActiveCfg = Debug|Any CPU
		{CA091971-22D3-4C2B-8961-D45F44C80358}.Debug|x86.Build.0 = Debug|Any CPU
		{CA091971-22D3-4C2B-8961-D45F44C80358}.Release|Any CPU.ActiveCfg = Release|Any CPU
		{CA091971-22D3-4C2B-8961-D45F44C80358}.Release|Any CPU.Build.0 = Release|Any CPU
		{CA091971-22D3-4C2B-8961-D45F44C80358}.Release|x64.ActiveCfg = Release|Any CPU
		{CA091971-22D3-4C2B-8961-D45F44C80358}.Release|x64.Build.0 = Release|Any CPU
		{CA091971-22D3-4C2B-8961-D45F44C80358}.Release|x86.ActiveCfg = Release|Any CPU
		{CA091971-22D3-4C2B-8961-D45F44C80358}.Release|x86.Build.0 = Release|Any CPU
		{9518DC5C-1F67-42B2-B150-E37D33D141C9}.Debug|Any CPU.ActiveCfg = Debug|Any CPU
		{9518DC5C-1F67-42B2-B150-E37D33D141C9}.Debug|Any CPU.Build.0 = Debug|Any CPU
		{9518DC5C-1F67-42B2-B150-E37D33D141C9}.Debug|x64.ActiveCfg = Debug|Any CPU
		{9518DC5C-1F67-42B2-B150-E37D33D141C9}.Debug|x64.Build.0 = Debug|Any CPU
		{9518DC5C-1F67-42B2-B150-E37D33D141C9}.Debug|x86.ActiveCfg = Debug|Any CPU
		{9518DC5C-1F67-42B2-B150-E37D33D141C9}.Debug|x86.Build.0 = Debug|Any CPU
		{9518DC5C-1F67-42B2-B150-E37D33D141C9}.Release|Any CPU.ActiveCfg = Release|Any CPU
		{9518DC5C-1F67-42B2-B150-E37D33D141C9}.Release|Any CPU.Build.0 = Release|Any CPU
		{9518DC5C-1F67-42B2-B150-E37D33D141C9}.Release|x64.ActiveCfg = Release|Any CPU
		{9518DC5C-1F67-42B2-B150-E37D33D141C9}.Release|x64.Build.0 = Release|Any CPU
		{9518DC5C-1F67-42B2-B150-E37D33D141C9}.Release|x86.ActiveCfg = Release|Any CPU
		{9518DC5C-1F67-42B2-B150-E37D33D141C9}.Release|x86.Build.0 = Release|Any CPU
		{33DBAD4C-F83F-4308-B568-4BA1397E0F78}.Debug|Any CPU.ActiveCfg = Debug|Any CPU
		{33DBAD4C-F83F-4308-B568-4BA1397E0F78}.Debug|Any CPU.Build.0 = Debug|Any CPU
		{33DBAD4C-F83F-4308-B568-4BA1397E0F78}.Debug|x64.ActiveCfg = Debug|Any CPU
		{33DBAD4C-F83F-4308-B568-4BA1397E0F78}.Debug|x64.Build.0 = Debug|Any CPU
		{33DBAD4C-F83F-4308-B568-4BA1397E0F78}.Debug|x86.ActiveCfg = Debug|Any CPU
		{33DBAD4C-F83F-4308-B568-4BA1397E0F78}.Debug|x86.Build.0 = Debug|Any CPU
		{33DBAD4C-F83F-4308-B568-4BA1397E0F78}.Release|Any CPU.ActiveCfg = Release|Any CPU
		{33DBAD4C-F83F-4308-B568-4BA1397E0F78}.Release|Any CPU.Build.0 = Release|Any CPU
		{33DBAD4C-F83F-4308-B568-4BA1397E0F78}.Release|x64.ActiveCfg = Release|Any CPU
		{33DBAD4C-F83F-4308-B568-4BA1397E0F78}.Release|x64.Build.0 = Release|Any CPU
		{33DBAD4C-F83F-4308-B568-4BA1397E0F78}.Release|x86.ActiveCfg = Release|Any CPU
		{33DBAD4C-F83F-4308-B568-4BA1397E0F78}.Release|x86.Build.0 = Release|Any CPU
		{92047D99-53D9-4F18-A7A4-6F0AA8331771}.Debug|Any CPU.ActiveCfg = Debug|Any CPU
		{92047D99-53D9-4F18-A7A4-6F0AA8331771}.Debug|Any CPU.Build.0 = Debug|Any CPU
		{92047D99-53D9-4F18-A7A4-6F0AA8331771}.Debug|x64.ActiveCfg = Debug|Any CPU
		{92047D99-53D9-4F18-A7A4-6F0AA8331771}.Debug|x64.Build.0 = Debug|Any CPU
		{92047D99-53D9-4F18-A7A4-6F0AA8331771}.Debug|x86.ActiveCfg = Debug|Any CPU
		{92047D99-53D9-4F18-A7A4-6F0AA8331771}.Debug|x86.Build.0 = Debug|Any CPU
		{92047D99-53D9-4F18-A7A4-6F0AA8331771}.Release|Any CPU.ActiveCfg = Release|Any CPU
		{92047D99-53D9-4F18-A7A4-6F0AA8331771}.Release|Any CPU.Build.0 = Release|Any CPU
		{92047D99-53D9-4F18-A7A4-6F0AA8331771}.Release|x64.ActiveCfg = Release|Any CPU
		{92047D99-53D9-4F18-A7A4-6F0AA8331771}.Release|x64.Build.0 = Release|Any CPU
		{92047D99-53D9-4F18-A7A4-6F0AA8331771}.Release|x86.ActiveCfg = Release|Any CPU
		{92047D99-53D9-4F18-A7A4-6F0AA8331771}.Release|x86.Build.0 = Release|Any CPU
		{0C53F6DC-302F-4230-97A7-2F94B92E3BDD}.Debug|Any CPU.ActiveCfg = Debug|Any CPU
		{0C53F6DC-302F-4230-97A7-2F94B92E3BDD}.Debug|Any CPU.Build.0 = Debug|Any CPU
		{0C53F6DC-302F-4230-97A7-2F94B92E3BDD}.Debug|x64.ActiveCfg = Debug|Any CPU
		{0C53F6DC-302F-4230-97A7-2F94B92E3BDD}.Debug|x64.Build.0 = Debug|Any CPU
		{0C53F6DC-302F-4230-97A7-2F94B92E3BDD}.Debug|x86.ActiveCfg = Debug|Any CPU
		{0C53F6DC-302F-4230-97A7-2F94B92E3BDD}.Debug|x86.Build.0 = Debug|Any CPU
		{0C53F6DC-302F-4230-97A7-2F94B92E3BDD}.Release|Any CPU.ActiveCfg = Release|Any CPU
		{0C53F6DC-302F-4230-97A7-2F94B92E3BDD}.Release|Any CPU.Build.0 = Release|Any CPU
		{0C53F6DC-302F-4230-97A7-2F94B92E3BDD}.Release|x64.ActiveCfg = Release|Any CPU
		{0C53F6DC-302F-4230-97A7-2F94B92E3BDD}.Release|x64.Build.0 = Release|Any CPU
		{0C53F6DC-302F-4230-97A7-2F94B92E3BDD}.Release|x86.ActiveCfg = Release|Any CPU
		{0C53F6DC-302F-4230-97A7-2F94B92E3BDD}.Release|x86.Build.0 = Release|Any CPU
		{74579DF9-4594-4F3B-87B2-EA5F7E666472}.Debug|Any CPU.ActiveCfg = Debug|Any CPU
		{74579DF9-4594-4F3B-87B2-EA5F7E666472}.Debug|Any CPU.Build.0 = Debug|Any CPU
		{74579DF9-4594-4F3B-87B2-EA5F7E666472}.Debug|x64.ActiveCfg = Debug|Any CPU
		{74579DF9-4594-4F3B-87B2-EA5F7E666472}.Debug|x64.Build.0 = Debug|Any CPU
		{74579DF9-4594-4F3B-87B2-EA5F7E666472}.Debug|x86.ActiveCfg = Debug|Any CPU
		{74579DF9-4594-4F3B-87B2-EA5F7E666472}.Debug|x86.Build.0 = Debug|Any CPU
		{74579DF9-4594-4F3B-87B2-EA5F7E666472}.Release|Any CPU.ActiveCfg = Release|Any CPU
		{74579DF9-4594-4F3B-87B2-EA5F7E666472}.Release|Any CPU.Build.0 = Release|Any CPU
		{74579DF9-4594-4F3B-87B2-EA5F7E666472}.Release|x64.ActiveCfg = Release|Any CPU
		{74579DF9-4594-4F3B-87B2-EA5F7E666472}.Release|x64.Build.0 = Release|Any CPU
		{74579DF9-4594-4F3B-87B2-EA5F7E666472}.Release|x86.ActiveCfg = Release|Any CPU
		{74579DF9-4594-4F3B-87B2-EA5F7E666472}.Release|x86.Build.0 = Release|Any CPU
		{52062B65-6884-414A-BA63-A8858D52872E}.Debug|Any CPU.ActiveCfg = Debug|Any CPU
		{52062B65-6884-414A-BA63-A8858D52872E}.Debug|Any CPU.Build.0 = Debug|Any CPU
		{52062B65-6884-414A-BA63-A8858D52872E}.Debug|x64.ActiveCfg = Debug|Any CPU
		{52062B65-6884-414A-BA63-A8858D52872E}.Debug|x64.Build.0 = Debug|Any CPU
		{52062B65-6884-414A-BA63-A8858D52872E}.Debug|x86.ActiveCfg = Debug|Any CPU
		{52062B65-6884-414A-BA63-A8858D52872E}.Debug|x86.Build.0 = Debug|Any CPU
		{52062B65-6884-414A-BA63-A8858D52872E}.Release|Any CPU.ActiveCfg = Release|Any CPU
		{52062B65-6884-414A-BA63-A8858D52872E}.Release|Any CPU.Build.0 = Release|Any CPU
		{52062B65-6884-414A-BA63-A8858D52872E}.Release|x64.ActiveCfg = Release|Any CPU
		{52062B65-6884-414A-BA63-A8858D52872E}.Release|x64.Build.0 = Release|Any CPU
		{52062B65-6884-414A-BA63-A8858D52872E}.Release|x86.ActiveCfg = Release|Any CPU
		{52062B65-6884-414A-BA63-A8858D52872E}.Release|x86.Build.0 = Release|Any CPU
		{7BD5B6FC-9331-454D-A7AA-0B5C90125802}.Debug|Any CPU.ActiveCfg = Debug|Any CPU
		{7BD5B6FC-9331-454D-A7AA-0B5C90125802}.Debug|Any CPU.Build.0 = Debug|Any CPU
		{7BD5B6FC-9331-454D-A7AA-0B5C90125802}.Debug|x64.ActiveCfg = Debug|Any CPU
		{7BD5B6FC-9331-454D-A7AA-0B5C90125802}.Debug|x64.Build.0 = Debug|Any CPU
		{7BD5B6FC-9331-454D-A7AA-0B5C90125802}.Debug|x86.ActiveCfg = Debug|Any CPU
		{7BD5B6FC-9331-454D-A7AA-0B5C90125802}.Debug|x86.Build.0 = Debug|Any CPU
		{7BD5B6FC-9331-454D-A7AA-0B5C90125802}.Release|Any CPU.ActiveCfg = Release|Any CPU
		{7BD5B6FC-9331-454D-A7AA-0B5C90125802}.Release|Any CPU.Build.0 = Release|Any CPU
		{7BD5B6FC-9331-454D-A7AA-0B5C90125802}.Release|x64.ActiveCfg = Release|Any CPU
		{7BD5B6FC-9331-454D-A7AA-0B5C90125802}.Release|x64.Build.0 = Release|Any CPU
		{7BD5B6FC-9331-454D-A7AA-0B5C90125802}.Release|x86.ActiveCfg = Release|Any CPU
		{7BD5B6FC-9331-454D-A7AA-0B5C90125802}.Release|x86.Build.0 = Release|Any CPU
		{5399CD32-835D-42FA-8666-B6DEF41F7B3C}.Debug|Any CPU.ActiveCfg = Debug|Any CPU
		{5399CD32-835D-42FA-8666-B6DEF41F7B3C}.Debug|Any CPU.Build.0 = Debug|Any CPU
		{5399CD32-835D-42FA-8666-B6DEF41F7B3C}.Debug|x64.ActiveCfg = Debug|Any CPU
		{5399CD32-835D-42FA-8666-B6DEF41F7B3C}.Debug|x64.Build.0 = Debug|Any CPU
		{5399CD32-835D-42FA-8666-B6DEF41F7B3C}.Debug|x86.ActiveCfg = Debug|Any CPU
		{5399CD32-835D-42FA-8666-B6DEF41F7B3C}.Debug|x86.Build.0 = Debug|Any CPU
		{5399CD32-835D-42FA-8666-B6DEF41F7B3C}.Release|Any CPU.ActiveCfg = Release|Any CPU
		{5399CD32-835D-42FA-8666-B6DEF41F7B3C}.Release|Any CPU.Build.0 = Release|Any CPU
		{5399CD32-835D-42FA-8666-B6DEF41F7B3C}.Release|x64.ActiveCfg = Release|Any CPU
		{5399CD32-835D-42FA-8666-B6DEF41F7B3C}.Release|x64.Build.0 = Release|Any CPU
		{5399CD32-835D-42FA-8666-B6DEF41F7B3C}.Release|x86.ActiveCfg = Release|Any CPU
		{5399CD32-835D-42FA-8666-B6DEF41F7B3C}.Release|x86.Build.0 = Release|Any CPU
		{698C4103-30D9-4690-8641-C4933E254541}.Debug|Any CPU.ActiveCfg = Debug|Any CPU
		{698C4103-30D9-4690-8641-C4933E254541}.Debug|Any CPU.Build.0 = Debug|Any CPU
		{698C4103-30D9-4690-8641-C4933E254541}.Debug|x64.ActiveCfg = Debug|Any CPU
		{698C4103-30D9-4690-8641-C4933E254541}.Debug|x64.Build.0 = Debug|Any CPU
		{698C4103-30D9-4690-8641-C4933E254541}.Debug|x86.ActiveCfg = Debug|Any CPU
		{698C4103-30D9-4690-8641-C4933E254541}.Debug|x86.Build.0 = Debug|Any CPU
		{698C4103-30D9-4690-8641-C4933E254541}.Release|Any CPU.ActiveCfg = Release|Any CPU
		{698C4103-30D9-4690-8641-C4933E254541}.Release|Any CPU.Build.0 = Release|Any CPU
		{698C4103-30D9-4690-8641-C4933E254541}.Release|x64.ActiveCfg = Release|Any CPU
		{698C4103-30D9-4690-8641-C4933E254541}.Release|x64.Build.0 = Release|Any CPU
		{698C4103-30D9-4690-8641-C4933E254541}.Release|x86.ActiveCfg = Release|Any CPU
		{698C4103-30D9-4690-8641-C4933E254541}.Release|x86.Build.0 = Release|Any CPU
		{86C9F433-00D6-49DA-825D-2F693EBB642E}.Debug|Any CPU.ActiveCfg = Debug|Any CPU
		{86C9F433-00D6-49DA-825D-2F693EBB642E}.Debug|Any CPU.Build.0 = Debug|Any CPU
		{86C9F433-00D6-49DA-825D-2F693EBB642E}.Debug|x64.ActiveCfg = Debug|Any CPU
		{86C9F433-00D6-49DA-825D-2F693EBB642E}.Debug|x64.Build.0 = Debug|Any CPU
		{86C9F433-00D6-49DA-825D-2F693EBB642E}.Debug|x86.ActiveCfg = Debug|Any CPU
		{86C9F433-00D6-49DA-825D-2F693EBB642E}.Debug|x86.Build.0 = Debug|Any CPU
		{86C9F433-00D6-49DA-825D-2F693EBB642E}.Release|Any CPU.ActiveCfg = Release|Any CPU
		{86C9F433-00D6-49DA-825D-2F693EBB642E}.Release|Any CPU.Build.0 = Release|Any CPU
		{86C9F433-00D6-49DA-825D-2F693EBB642E}.Release|x64.ActiveCfg = Release|Any CPU
		{86C9F433-00D6-49DA-825D-2F693EBB642E}.Release|x64.Build.0 = Release|Any CPU
		{86C9F433-00D6-49DA-825D-2F693EBB642E}.Release|x86.ActiveCfg = Release|Any CPU
		{86C9F433-00D6-49DA-825D-2F693EBB642E}.Release|x86.Build.0 = Release|Any CPU
		{A150579F-9311-46FF-9479-2D0A8CD7B525}.Debug|Any CPU.ActiveCfg = Debug|Any CPU
		{A150579F-9311-46FF-9479-2D0A8CD7B525}.Debug|Any CPU.Build.0 = Debug|Any CPU
		{A150579F-9311-46FF-9479-2D0A8CD7B525}.Debug|x64.ActiveCfg = Debug|Any CPU
		{A150579F-9311-46FF-9479-2D0A8CD7B525}.Debug|x64.Build.0 = Debug|Any CPU
		{A150579F-9311-46FF-9479-2D0A8CD7B525}.Debug|x86.ActiveCfg = Debug|Any CPU
		{A150579F-9311-46FF-9479-2D0A8CD7B525}.Debug|x86.Build.0 = Debug|Any CPU
		{A150579F-9311-46FF-9479-2D0A8CD7B525}.Release|Any CPU.ActiveCfg = Release|Any CPU
		{A150579F-9311-46FF-9479-2D0A8CD7B525}.Release|Any CPU.Build.0 = Release|Any CPU
		{A150579F-9311-46FF-9479-2D0A8CD7B525}.Release|x64.ActiveCfg = Release|Any CPU
		{A150579F-9311-46FF-9479-2D0A8CD7B525}.Release|x64.Build.0 = Release|Any CPU
		{A150579F-9311-46FF-9479-2D0A8CD7B525}.Release|x86.ActiveCfg = Release|Any CPU
		{A150579F-9311-46FF-9479-2D0A8CD7B525}.Release|x86.Build.0 = Release|Any CPU
	EndGlobalSection
	GlobalSection(SolutionProperties) = preSolution
		HideSolutionNode = FALSE
	EndGlobalSection
	GlobalSection(NestedProjects) = preSolution
		{984BB9B3-3FA3-BE33-9484-CAC21695A33C} = {827E0CD3-B72D-47B6-A68D-7590B98EB39B}
		{C5FBE174-8E0F-F5A3-B929-8BD0C55C0A32} = {984BB9B3-3FA3-BE33-9484-CAC21695A33C}
		{EA410A37-24F5-4038-9F0E-D20E349F592A} = {C5FBE174-8E0F-F5A3-B929-8BD0C55C0A32}
		{BB8C98E9-4C0F-4D46-954E-52B0D4A917F2} = {C5FBE174-8E0F-F5A3-B929-8BD0C55C0A32}
		{996D36CD-DC3E-41E1-BFB5-74911E54F5A0} = {C5FBE174-8E0F-F5A3-B929-8BD0C55C0A32}
		{15ED4D4A-340A-4C50-A2C6-EA0597E353D1} = {C5FBE174-8E0F-F5A3-B929-8BD0C55C0A32}
		{CA091971-22D3-4C2B-8961-D45F44C80358} = {C5FBE174-8E0F-F5A3-B929-8BD0C55C0A32}
		{9518DC5C-1F67-42B2-B150-E37D33D141C9} = {C5FBE174-8E0F-F5A3-B929-8BD0C55C0A32}
		{33DBAD4C-F83F-4308-B568-4BA1397E0F78} = {C5FBE174-8E0F-F5A3-B929-8BD0C55C0A32}
		{92047D99-53D9-4F18-A7A4-6F0AA8331771} = {C5FBE174-8E0F-F5A3-B929-8BD0C55C0A32}
		{0C53F6DC-302F-4230-97A7-2F94B92E3BDD} = {C5FBE174-8E0F-F5A3-B929-8BD0C55C0A32}
		{74579DF9-4594-4F3B-87B2-EA5F7E666472} = {C5FBE174-8E0F-F5A3-B929-8BD0C55C0A32}
		{52062B65-6884-414A-BA63-A8858D52872E} = {C5FBE174-8E0F-F5A3-B929-8BD0C55C0A32}
		{7BD5B6FC-9331-454D-A7AA-0B5C90125802} = {C5FBE174-8E0F-F5A3-B929-8BD0C55C0A32}
		{5399CD32-835D-42FA-8666-B6DEF41F7B3C} = {C5FBE174-8E0F-F5A3-B929-8BD0C55C0A32}
		{698C4103-30D9-4690-8641-C4933E254541} = {C5FBE174-8E0F-F5A3-B929-8BD0C55C0A32}
		{86C9F433-00D6-49DA-825D-2F693EBB642E} = {C5FBE174-8E0F-F5A3-B929-8BD0C55C0A32}
		{A150579F-9311-46FF-9479-2D0A8CD7B525} = {C5FBE174-8E0F-F5A3-B929-8BD0C55C0A32}
	EndGlobalSection
EndGlobal
